
Microsoft Visual Studio Solution File, Format Version 12.00
# Visual Studio Version 17
VisualStudioVersion = 17.10.35004.147
MinimumVisualStudioVersion = 10.0.40219.1
Project("{9A19103F-16F7-4668-BE54-9A1E7A4F7556}") = "FormCinema", "FormCinema\FormCinema.csproj", "{D3A112C0-28A0-4314-A1DD-555AFDF3EDD3}"
EndProject
Project("{9A19103F-16F7-4668-BE54-9A1E7A4F7556}") = "ElencoMagazzinoWebApp", "ElencoMagazzinoWebApp\ElencoMagazzinoWebApp.csproj", "{FEB35131-36D6-4225-BA11-AF4E107DB527}"
EndProject
Project("{FAE04EC0-301F-11D3-BF4B-00C04F79EFBC}") = "SpedizioniWebApp", "SpedizioniWebApp\SpedizioniWebApp.csproj", "{FE1301EC-0EC3-402E-BA57-15177B430748}"
EndProject
Global
	GlobalSection(SolutionConfigurationPlatforms) = preSolution
		Debug|Any CPU = Debug|Any CPU
		Release|Any CPU = Release|Any CPU
	EndGlobalSection
	GlobalSection(ProjectConfigurationPlatforms) = postSolution
		{D3A112C0-28A0-4314-A1DD-555AFDF3EDD3}.Debug|Any CPU.ActiveCfg = Debug|Any CPU
		{D3A112C0-28A0-4314-A1DD-555AFDF3EDD3}.Debug|Any CPU.Build.0 = Debug|Any CPU
		{D3A112C0-28A0-4314-A1DD-555AFDF3EDD3}.Release|Any CPU.ActiveCfg = Release|Any CPU
		{D3A112C0-28A0-4314-A1DD-555AFDF3EDD3}.Release|Any CPU.Build.0 = Release|Any CPU
		{FEB35131-36D6-4225-BA11-AF4E107DB527}.Debug|Any CPU.ActiveCfg = Debug|Any CPU
		{FEB35131-36D6-4225-BA11-AF4E107DB527}.Debug|Any CPU.Build.0 = Debug|Any CPU
		{FEB35131-36D6-4225-BA11-AF4E107DB527}.Release|Any CPU.ActiveCfg = Release|Any CPU
		{FEB35131-36D6-4225-BA11-AF4E107DB527}.Release|Any CPU.Build.0 = Release|Any CPU
		{FE1301EC-0EC3-402E-BA57-15177B430748}.Debug|Any CPU.ActiveCfg = Debug|Any CPU
		{FE1301EC-0EC3-402E-BA57-15177B430748}.Debug|Any CPU.Build.0 = Debug|Any CPU
		{FE1301EC-0EC3-402E-BA57-15177B430748}.Release|Any CPU.ActiveCfg = Release|Any CPU
		{FE1301EC-0EC3-402E-BA57-15177B430748}.Release|Any CPU.Build.0 = Release|Any CPU
	EndGlobalSection
	GlobalSection(SolutionProperties) = preSolution
		HideSolutionNode = FALSE
	EndGlobalSection
	GlobalSection(ExtensibilityGlobals) = postSolution
		SolutionGuid = {E14ACD7A-3F02-44E0-B104-B1CFB4C10FB8}
	EndGlobalSection
EndGlobal
